// !$*UTF8*$!
{
	archiveVersion = 1;
	classes = {
	};
	objectVersion = 50;
	objects = {

/* Begin PBXBuildFile section */
		CD0DE461224A0B90003B8634 /* AppDelegate.swift in Sources */ = {isa = PBXBuildFile; fileRef = CD0DE460224A0B90003B8634 /* AppDelegate.swift */; };
		CD0DE463224A0B90003B8634 /* ViewController.swift in Sources */ = {isa = PBXBuildFile; fileRef = CD0DE462224A0B90003B8634 /* ViewController.swift */; };
		CD0DE466224A0B90003B8634 /* Main.storyboard in Resources */ = {isa = PBXBuildFile; fileRef = CD0DE464224A0B90003B8634 /* Main.storyboard */; };
		CD0DE468224A0B92003B8634 /* Assets.xcassets in Resources */ = {isa = PBXBuildFile; fileRef = CD0DE467224A0B92003B8634 /* Assets.xcassets */; };
		CD0DE46B224A0B92003B8634 /* LaunchScreen.storyboard in Resources */ = {isa = PBXBuildFile; fileRef = CD0DE469224A0B92003B8634 /* LaunchScreen.storyboard */; };
		CD0DE473224A0C92003B8634 /* OrderViewController.swift in Sources */ = {isa = PBXBuildFile; fileRef = CD0DE472224A0C92003B8634 /* OrderViewController.swift */; };
		CD0DE477224A146A003B8634 /* appicon-120x120.png in Resources */ = {isa = PBXBuildFile; fileRef = CD0DE476224A146A003B8634 /* appicon-120x120.png */; };
/* End PBXBuildFile section */

/* Begin PBXFileReference section */
		CD0DE45D224A0B90003B8634 /* Navigation1to1.app */ = {isa = PBXFileReference; explicitFileType = wrapper.application; includeInIndex = 0; path = Navigation1to1.app; sourceTree = BUILT_PRODUCTS_DIR; };
		CD0DE460224A0B90003B8634 /* AppDelegate.swift */ = {isa = PBXFileReference; lastKnownFileType = sourcecode.swift; path = AppDelegate.swift; sourceTree = "<group>"; };
		CD0DE462224A0B90003B8634 /* ViewController.swift */ = {isa = PBXFileReference; lastKnownFileType = sourcecode.swift; path = ViewController.swift; sourceTree = "<group>"; };
		CD0DE465224A0B90003B8634 /* Base */ = {isa = PBXFileReference; lastKnownFileType = file.storyboard; name = Base; path = Base.lproj/Main.storyboard; sourceTree = "<group>"; };
		CD0DE467224A0B92003B8634 /* Assets.xcassets */ = {isa = PBXFileReference; lastKnownFileType = folder.assetcatalog; path = Assets.xcassets; sourceTree = "<group>"; };
		CD0DE46A224A0B92003B8634 /* Base */ = {isa = PBXFileReference; lastKnownFileType = file.storyboard; name = Base; path = Base.lproj/LaunchScreen.storyboard; sourceTree = "<group>"; };
		CD0DE46C224A0B92003B8634 /* Info.plist */ = {isa = PBXFileReference; lastKnownFileType = text.plist.xml; path = Info.plist; sourceTree = "<group>"; };
		CD0DE472224A0C92003B8634 /* OrderViewController.swift */ = {isa = PBXFileReference; lastKnownFileType = sourcecode.swift; path = OrderViewController.swift; sourceTree = "<group>"; };
		CD0DE476224A146A003B8634 /* appicon-120x120.png */ = {isa = PBXFileReference; lastKnownFileType = image.png; path = "appicon-120x120.png"; sourceTree = "<group>"; };
/* End PBXFileReference section */

/* Begin PBXFrameworksBuildPhase section */
		CD0DE45A224A0B90003B8634 /* Frameworks */ = {
			isa = PBXFrameworksBuildPhase;
			buildActionMask = 2147483647;
			files = (
			);
			runOnlyForDeploymentPostprocessing = 0;
		};
/* End PBXFrameworksBuildPhase section */

/* Begin PBXGroup section */
		CD0DE454224A0B90003B8634 = {
			isa = PBXGroup;
			children = (
				CD0DE45F224A0B90003B8634 /* Navigation1to1 */,
				CD0DE45E224A0B90003B8634 /* Products */,
			);
			sourceTree = "<group>";
		};
		CD0DE45E224A0B90003B8634 /* Products */ = {
			isa = PBXGroup;
			children = (
				CD0DE45D224A0B90003B8634 /* Navigation1to1.app */,
			);
			name = Products;
			sourceTree = "<group>";
		};
		CD0DE45F224A0B90003B8634 /* Navigation1to1 */ = {
			isa = PBXGroup;
			children = (
				CD0DE476224A146A003B8634 /* appicon-120x120.png */,
				CD0DE460224A0B90003B8634 /* AppDelegate.swift */,
				CD0DE462224A0B90003B8634 /* ViewController.swift */,
				CD0DE464224A0B90003B8634 /* Main.storyboard */,
				CD0DE467224A0B92003B8634 /* Assets.xcassets */,
				CD0DE469224A0B92003B8634 /* LaunchScreen.storyboard */,
				CD0DE46C224A0B92003B8634 /* Info.plist */,
				CD0DE472224A0C92003B8634 /* OrderViewController.swift */,
			);
			path = Navigation1to1;
			sourceTree = "<group>";
		};
/* End PBXGroup section */

/* Begin PBXNativeTarget section */
		CD0DE45C224A0B90003B8634 /* Navigation1to1 */ = {
			isa = PBXNativeTarget;
			buildConfigurationList = CD0DE46F224A0B92003B8634 /* Build configuration list for PBXNativeTarget "Navigation1to1" */;
			buildPhases = (
				CD0DE459224A0B90003B8634 /* Sources */,
				CD0DE45A224A0B90003B8634 /* Frameworks */,
				CD0DE45B224A0B90003B8634 /* Resources */,
			);
			buildRules = (
			);
			dependencies = (
			);
			name = Navigation1to1;
			productName = Navigation1to1;
			productReference = CD0DE45D224A0B90003B8634 /* Navigation1to1.app */;
			productType = "com.apple.product-type.application";
		};
/* End PBXNativeTarget section */

/* Begin PBXProject section */
		CD0DE455224A0B90003B8634 /* Project object */ = {
			isa = PBXProject;
			attributes = {
				LastSwiftUpdateCheck = 1010;
				LastUpgradeCheck = 1010;
				ORGANIZATIONNAME = SWUCOMPUTER;
				TargetAttributes = {
					CD0DE45C224A0B90003B8634 = {
						CreatedOnToolsVersion = 10.1;
					};
				};
			};
			buildConfigurationList = CD0DE458224A0B90003B8634 /* Build configuration list for PBXProject "Navigation1to1" */;
			compatibilityVersion = "Xcode 9.3";
			developmentRegion = en;
			hasScannedForEncodings = 0;
			knownRegions = (
				en,
				Base,
			);
			mainGroup = CD0DE454224A0B90003B8634;
			productRefGroup = CD0DE45E224A0B90003B8634 /* Products */;
			projectDirPath = "";
			projectRoot = "";
			targets = (
				CD0DE45C224A0B90003B8634 /* Navigation1to1 */,
			);
		};
/* End PBXProject section */

/* Begin PBXResourcesBuildPhase section */
		CD0DE45B224A0B90003B8634 /* Resources */ = {
			isa = PBXResourcesBuildPhase;
			buildActionMask = 2147483647;
			files = (
				CD0DE46B224A0B92003B8634 /* LaunchScreen.storyboard in Resources */,
				CD0DE468224A0B92003B8634 /* Assets.xcassets in Resources */,
				CD0DE466224A0B90003B8634 /* Main.storyboard in Resources */,
				CD0DE477224A146A003B8634 /* appicon-120x120.png in Resources */,
			);
			runOnlyForDeploymentPostprocessing = 0;
		};
/* End PBXResourcesBuildPhase section */

/* Begin PBXSourcesBuildPhase section */
		CD0DE459224A0B90003B8634 /* Sources */ = {
			isa = PBXSourcesBuildPhase;
			buildActionMask = 2147483647;
			files = (
				CD0DE463224A0B90003B8634 /* ViewController.swift in Sources */,
				CD0DE461224A0B90003B8634 /* AppDelegate.swift in Sources */,
				CD0DE473224A0C92003B8634 /* OrderViewController.swift in Sources */,
			);
			runOnlyForDeploymentPostprocessing = 0;
		};
/* End PBXSourcesBuildPhase section */

/* Begin PBXVariantGroup section */
		CD0DE464224A0B90003B8634 /* Main.storyboard */ = {
			isa = PBXVariantGroup;
			children = (
				CD0DE465224A0B90003B8634 /* Base */,
			);
			name = Main.storyboard;
			sourceTree = "<group>";
		};
		CD0DE469224A0B92003B8634 /* LaunchScreen.storyboard */ = {
			isa = PBXVariantGroup;
			children = (
				CD0DE46A224A0B92003B8634 /* Base */,
			);
			name = LaunchScreen.storyboard;
			sourceTree = "<group>";
		};
/* End PBXVariantGroup section */

/* Begin XCBuildConfiguration section */
		CD0DE46D224A0B92003B8634 /* Debug */ = {
			isa = XCBuildConfiguration;
			buildSettings = {
				ALWAYS_SEARCH_USER_PATHS = NO;
				CLANG_ANALYZER_NONNULL = YES;
				CLANG_ANALYZER_NUMBER_OBJECT_CONVERSION = YES_AGGRESSIVE;
				CLANG_CXX_LANGUAGE_STANDARD = "gnu++14";
				CLANG_CXX_LIBRARY = "libc++";
				CLANG_ENABLE_MODULES = YES;
				CLANG_ENABLE_OBJC_ARC = YES;
				CLANG_ENABLE_OBJC_WEAK = YES;
				CLANG_WARN_BLOCK_CAPTURE_AUTORELEASING = YES;
				CLANG_WARN_BOOL_CONVERSION = YES;
				CLANG_WARN_COMMA = YES;
				CLANG_WARN_CONSTANT_CONVERSION = YES;
				CLANG_WARN_DEPRECATED_OBJC_IMPLEMENTATIONS = YES;
				CLANG_WARN_DIRECT_OBJC_ISA_USAGE = YES_ERROR;
				CLANG_WARN_DOCUMENTATION_COMMENTS = YES;
				CLANG_WARN_EMPTY_BODY = YES;
				CLANG_WARN_ENUM_CONVERSION = YES;
				CLANG_WARN_INFINITE_RECURSION = YES;
				CLANG_WARN_INT_CONVERSION = YES;
				CLANG_WARN_NON_LITERAL_NULL_CONVERSION = YES;
				CLANG_WARN_OBJC_IMPLICIT_RETAIN_SELF = YES;
				CLANG_WARN_OBJC_LITERAL_CONVERSION = YES;
				CLANG_WARN_OBJC_ROOT_CLASS = YES_ERROR;
				CLANG_WARN_RANGE_LOOP_ANALYSIS = YES;
				CLANG_WARN_STRICT_PROTOTYPES = YES;
				CLANG_WARN_SUSPICIOUS_MOVE = YES;
				CLANG_WARN_UNGUARDED_AVAILABILITY = YES_AGGRESSIVE;
				CLANG_WARN_UNREACHABLE_CODE = YES;
				CLANG_WARN__DUPLICATE_METHOD_MATCH = YES;
				CODE_SIGN_IDENTITY = "iPhone Developer";
				COPY_PHASE_STRIP = NO;
				DEBUG_INFORMATION_FORMAT = dwarf;
				ENABLE_STRICT_OBJC_MSGSEND = YES;
				ENABLE_TESTABILITY = YES;
				GCC_C_LANGUAGE_STANDARD = gnu11;
				GCC_DYNAMIC_NO_PIC = NO;
				GCC_NO_COMMON_BLOCKS = YES;
				GCC_OPTIMIZATION_LEVEL = 0;
				GCC_PREPROCESSOR_DEFINITIONS = (
					"DEBUG=1",
					"$(inherited)",
				);
				GCC_WARN_64_TO_32_BIT_CONVERSION = YES;
				GCC_WARN_ABOUT_RETURN_TYPE = YES_ERROR;
				GCC_WARN_UNDECLARED_SELECTOR = YES;
				GCC_WARN_UNINITIALIZED_AUTOS = YES_AGGRESSIVE;
				GCC_WARN_UNUSED_FUNCTION = YES;
				GCC_WARN_UNUSED_VARIABLE = YES;
				IPHONEOS_DEPLOYMENT_TARGET = 12.1;
				MTL_ENABLE_DEBUG_INFO = INCLUDE_SOURCE;
				MTL_FAST_MATH = YES;
				ONLY_ACTIVE_ARCH = YES;
				SDKROOT = iphoneos;
				SWIFT_ACTIVE_COMPILATION_CONDITIONS = DEBUG;
				SWIFT_OPTIMIZATION_LEVEL = "-Onone";
			};
			name = Debug;
		};
		CD0DE46E224A0B92003B8634 /* Release */ = {
			isa = XCBuildConfiguration;
			buildSettings = {
				ALWAYS_SEARCH_USER_PATHS = NO;
				CLANG_ANALYZER_NONNULL = YES;
				CLANG_ANALYZER_NUMBER_OBJECT_CONVERSION = YES_AGGRESSIVE;
				CLANG_CXX_LANGUAGE_STANDARD = "gnu++14";
				CLANG_CXX_LIBRARY = "libc++";
				CLANG_ENABLE_MODULES = YES;
				CLANG_ENABLE_OBJC_ARC = YES;
				CLANG_ENABLE_OBJC_WEAK = YES;
				CLANG_WARN_BLOCK_CAPTURE_AUTORELEASING = YES;
				CLANG_WARN_BOOL_CONVERSION = YES;
				CLANG_WARN_COMMA = YES;
				CLANG_WARN_CONSTANT_CONVERSION = YES;
				CLANG_WARN_DEPRECATED_OBJC_IMPLEMENTATIONS = YES;
				CLANG_WARN_DIRECT_OBJC_ISA_USAGE = YES_ERROR;
				CLANG_WARN_DOCUMENTATION_COMMENTS = YES;
				CLANG_WARN_EMPTY_BODY = YES;
				CLANG_WARN_ENUM_CONVERSION = YES;
				CLANG_WARN_INFINITE_RECURSION = YES;
				CLANG_WARN_INT_CONVERSION = YES;
				CLANG_WARN_NON_LITERAL_NULL_CONVERSION = YES;
				CLANG_WARN_OBJC_IMPLICIT_RETAIN_SELF = YES;
				CLANG_WARN_OBJC_LITERAL_CONVERSION = YES;
				CLANG_WARN_OBJC_ROOT_CLASS = YES_ERROR;
				CLANG_WARN_RANGE_LOOP_ANALYSIS = YES;
				CLANG_WARN_STRICT_PROTOTYPES = YES;
				CLANG_WARN_SUSPICIOUS_MOVE = YES;
				CLANG_WARN_UNGUARDED_AVAILABILITY = YES_AGGRESSIVE;
				CLANG_WARN_UNREACHABLE_CODE = YES;
				CLANG_WARN__DUPLICATE_METHOD_MATCH = YES;
				CODE_SIGN_IDENTITY = "iPhone Developer";
				COPY_PHASE_STRIP = NO;
				DEBUG_INFORMATION_FORMAT = "dwarf-with-dsym";
				ENABLE_NS_ASSERTIONS = NO;
				ENABLE_STRICT_OBJC_MSGSEND = YES;
				GCC_C_LANGUAGE_STANDARD = gnu11;
				GCC_NO_COMMON_BLOCKS = YES;
				GCC_WARN_64_TO_32_BIT_CONVERSION = YES;
				GCC_WARN_ABOUT_RETURN_TYPE = YES_ERROR;
				GCC_WARN_UNDECLARED_SELECTOR = YES;
				GCC_WARN_UNINITIALIZED_AUTOS = YES_AGGRESSIVE;
				GCC_WARN_UNUSED_FUNCTION = YES;
				GCC_WARN_UNUSED_VARIABLE = YES;
				IPHONEOS_DEPLOYMENT_TARGET = 12.1;
				MTL_ENABLE_DEBUG_INFO = NO;
				MTL_FAST_MATH = YES;
				SDKROOT = iphoneos;
				SWIFT_COMPILATION_MODE = wholemodule;
				SWIFT_OPTIMIZATION_LEVEL = "-O";
				VALIDATE_PRODUCT = YES;
			};
			name = Release;
		};
		CD0DE470224A0B92003B8634 /* Debug */ = {
			isa = XCBuildConfiguration;
			buildSettings = {
				ASSETCATALOG_COMPILER_APPICON_NAME = AppIcon;
				CODE_SIGN_STYLE = Automatic;
				INFOPLIST_FILE = Navigation1to1/Info.plist;
				LD_RUNPATH_SEARCH_PATHS = (
					"$(inherited)",
					"@executable_path/Frameworks",
				);
				PRODUCT_BUNDLE_IDENTIFIER = kr.ac.swu.Navigation1to1;
				PRODUCT_NAME = "$(TARGET_NAME)";
				SWIFT_VERSION = 4.2;
				TARGETED_DEVICE_FAMILY = "1,2";
			};
			name = Debug;
		};
		CD0DE471224A0B92003B8634 /* Release */ = {
			isa = XCBuildConfiguration;
			buildSettings = {
				ASSETCATALOG_COMPILER_APPICON_NAME = AppIcon;
				CODE_SIGN_STYLE = Automatic;
				INFOPLIST_FILE = Navigation1to1/Info.plist;
				LD_RUNPATH_SEARCH_PATHS = (
					"$(inherited)",
					"@executable_path/Frameworks",
				);
				PRODUCT_BUNDLE_IDENTIFIER = kr.ac.swu.Navigation1to1;
				PRODUCT_NAME = "$(TARGET_NAME)";
				SWIFT_VERSION = 4.2;
				TARGETED_DEVICE_FAMILY = "1,2";
			};
			name = Release;
		};
/* End XCBuildConfiguration section */

/* Begin XCConfigurationList section */
		CD0DE458224A0B90003B8634 /* Build configuration list for PBXProject "Navigation1to1" */ = {
			isa = XCConfigurationList;
			buildConfigurations = (
				CD0DE46D224A0B92003B8634 /* Debug */,
				CD0DE46E224A0B92003B8634 /* Release */,
			);
			defaultConfigurationIsVisible = 0;
			defaultConfigurationName = Release;
		};
		CD0DE46F224A0B92003B8634 /* Build configuration list for PBXNativeTarget "Navigation1to1" */ = {
			isa = XCConfigurationList;
			buildConfigurations = (
				CD0DE470224A0B92003B8634 /* Debug */,
				CD0DE471224A0B92003B8634 /* Release */,
			);
			defaultConfigurationIsVisible = 0;
			defaultConfigurationName = Release;
		};
/* End XCConfigurationList section */
	};
	rootObject = CD0DE455224A0B90003B8634 /* Project object */;
}
